
Microsoft Visual Studio Solution File, Format Version 12.00
# Visual Studio Version 17
VisualStudioVersion = 17.9.34622.214
MinimumVisualStudioVersion = 10.0.40219.1
Project("{2150E333-8FDC-42A3-9474-1A3956D46DE8}") = "FrontEnd", "FrontEnd", "{685A90A6-1350-46FD-B321-71CD1659DB63}"
EndProject
Project("{2150E333-8FDC-42A3-9474-1A3956D46DE8}") = "Gateway", "Gateway", "{71862A8F-6048-4143-89AE-E75A23789769}"
EndProject
Project("{2150E333-8FDC-42A3-9474-1A3956D46DE8}") = "Integration", "Integration", "{66C5B366-2FD1-49F1-897F-D419B0813E59}"
EndProject
Project("{2150E333-8FDC-42A3-9474-1A3956D46DE8}") = "Services", "Services", "{B6301D77-49A1-48DE-9810-BEF422B67C4D}"
EndProject
Project("{9A19103F-16F7-4668-BE54-9A1E7A4F7556}") = "EduSpot.Web", "EduSpot.Web\EduSpot.Web.csproj", "{5F5BB9CE-704C-4BDA-8061-C38FECCFBAB6}"
EndProject
Project("{9A19103F-16F7-4668-BE54-9A1E7A4F7556}") = "EduSpot.Services.UniversityAPI", "EduSpot.Services.UniversityAPI\EduSpot.Services.UniversityAPI.csproj", "{BD9B2A77-D01C-4916-B10F-1287DCB10BED}"
EndProject
Project("{9A19103F-16F7-4668-BE54-9A1E7A4F7556}") = "EduSpot.Services.MagorAPI", "EduSpot.Services.MagorAPI\EduSpot.Services.MagorAPI.csproj", "{FD5FD5BD-B5A6-4EE9-82C5-9FB2BE2FEC04}"
EndProject
Project("{9A19103F-16F7-4668-BE54-9A1E7A4F7556}") = "EduSpot.Web.Models", "EduSpot.Web.Models\EduSpot.Web.Models.csproj", "{F7C29B18-7EC3-41EE-8E50-E03164411AFE}"
EndProject
Project("{9A19103F-16F7-4668-BE54-9A1E7A4F7556}") = "EduSpot.Web.Utility", "EduSpot.Web.Utility\EduSpot.Web.Utility.csproj", "{ED4BA13F-010F-415C-820C-FD5ABF23577F}"
EndProject
Project("{9A19103F-16F7-4668-BE54-9A1E7A4F7556}") = "EduSpot.Web.DataAccess", "EduSpot.Web.DataAccess\EduSpot.Web.DataAccess.csproj", "{27EE4747-086B-4B11-9831-88F19C3BDD40}"
EndProject
Project("{9A19103F-16F7-4668-BE54-9A1E7A4F7556}") = "EduSpot.Services.AuthAPI", "EduSpot.Services.AuthAPI\EduSpot.Services.AuthAPI.csproj", "{5E866F5F-3C61-4D12-8877-A5DFA617A852}"
EndProject
Project("{9A19103F-16F7-4668-BE54-9A1E7A4F7556}") = "EduSpot.Services.MaterialAPI", "EduSpot.Services.MaterialAPI\EduSpot.Services.MaterialAPI.csproj", "{A30D68E0-AD4E-4C98-9817-A5201189196A}"
EndProject
Project("{9A19103F-16F7-4668-BE54-9A1E7A4F7556}") = "EduSpot.Services.ChapterAPI", "EduSpot.Services.ChapterAPI\EduSpot.Services.ChapterAPI.csproj", "{3515F17C-5BC9-4240-8A43-BC893DA061EF}"
EndProject
Project("{9A19103F-16F7-4668-BE54-9A1E7A4F7556}") = "EduSpot.Services.LectureAPI", "EduSpot.Services.LectureAPI\EduSpot.Services.LectureAPI.csproj", "{08DFC621-CF47-4E58-9B24-B20558819DCB}"
EndProject
Project("{9A19103F-16F7-4668-BE54-9A1E7A4F7556}") = "EduSpot.Services.SummaryAPI", "EduSpot.Services.SummaryAPI\EduSpot.Services.SummaryAPI.csproj", "{3427FB34-1E01-41AE-8179-865CD169468D}"
EndProject
Project("{9A19103F-16F7-4668-BE54-9A1E7A4F7556}") = "EduSpot.GatewaySolution", "EduSpot.GatewaySolution\EduSpot.GatewaySolution.csproj", "{E89F64E6-2493-412B-955B-2C1B8E1379B8}"
EndProject
Project("{9A19103F-16F7-4668-BE54-9A1E7A4F7556}") = "EduSpot.Services.HomowrkAPI", "EduSpot.Services.HomowrkAPI\EduSpot.Services.HomowrkAPI.csproj", "{24A6BDFE-F304-44B5-A11D-586E71D2E86D}"
EndProject
Project("{9A19103F-16F7-4668-BE54-9A1E7A4F7556}") = "EduSpot.Services.CourcesAPI", "EduSpot.Services.CourcesAPI\EduSpot.Services.CourcesAPI.csproj", "{271923D5-F200-4DD5-93D8-6A52CED854E7}"
EndProject
Project("{9A19103F-16F7-4668-BE54-9A1E7A4F7556}") = "EduSpot.Services.SubscriptionCardAPI", "EduSpot.Services.SubscriptionCardAPI\EduSpot.Services.SubscriptionCardAPI.csproj", "{EA9B70E7-0DDC-440C-8A6B-A7925E263F42}"
EndProject
Project("{9A19103F-16F7-4668-BE54-9A1E7A4F7556}") = "Mango.Services.EmailAPI", "Mango.Services.EmailAPI\Mango.Services.EmailAPI.csproj", "{ECED826A-C4DD-4B62-A067-B42E926CB07D}"
EndProject
Project("{9A19103F-16F7-4668-BE54-9A1E7A4F7556}") = "Mango.Services.RewardAPI", "Mango.Services.RewardAPI\Mango.Services.RewardAPI.csproj", "{CA87EDB6-0B15-4EB9-B305-7EEA6DA501F1}"
EndProject
Project("{9A19103F-16F7-4668-BE54-9A1E7A4F7556}") = "Mango.Services.OrderAPI", "Mango.Services.OrderAPI\Mango.Services.OrderAPI.csproj", "{40386A8C-2244-4C70-8D34-D804A1C8C6A1}"
EndProject
Project("{FAE04EC0-301F-11D3-BF4B-00C04F79EFBC}") = "Mango.MessageBus", "Mango.MessageBus\Mango.MessageBus.csproj", "{147E2560-823D-4F38-9293-A296C9D9E5B3}"
EndProject
Project("{FAE04EC0-301F-11D3-BF4B-00C04F79EFBC}") = "EduSpot.Services.CouponAPI", "EduSpot.Services.CouponAPI\EduSpot.Services.CouponAPI.csproj", "{752B9CCD-53A5-443E-9695-D8BE0AD0A538}"
EndProject
Global
	GlobalSection(SolutionConfigurationPlatforms) = preSolution
		Debug|Any CPU = Debug|Any CPU
		Release|Any CPU = Release|Any CPU
	EndGlobalSection
	GlobalSection(ProjectConfigurationPlatforms) = postSolution
		{5F5BB9CE-704C-4BDA-8061-C38FECCFBAB6}.Debug|Any CPU.ActiveCfg = Debug|Any CPU
		{5F5BB9CE-704C-4BDA-8061-C38FECCFBAB6}.Debug|Any CPU.Build.0 = Debug|Any CPU
		{5F5BB9CE-704C-4BDA-8061-C38FECCFBAB6}.Release|Any CPU.ActiveCfg = Release|Any CPU
		{5F5BB9CE-704C-4BDA-8061-C38FECCFBAB6}.Release|Any CPU.Build.0 = Release|Any CPU
		{BD9B2A77-D01C-4916-B10F-1287DCB10BED}.Debug|Any CPU.ActiveCfg = Debug|Any CPU
		{BD9B2A77-D01C-4916-B10F-1287DCB10BED}.Debug|Any CPU.Build.0 = Debug|Any CPU
		{BD9B2A77-D01C-4916-B10F-1287DCB10BED}.Release|Any CPU.ActiveCfg = Release|Any CPU
		{BD9B2A77-D01C-4916-B10F-1287DCB10BED}.Release|Any CPU.Build.0 = Release|Any CPU
		{FD5FD5BD-B5A6-4EE9-82C5-9FB2BE2FEC04}.Debug|Any CPU.ActiveCfg = Debug|Any CPU
		{FD5FD5BD-B5A6-4EE9-82C5-9FB2BE2FEC04}.Debug|Any CPU.Build.0 = Debug|Any CPU
		{FD5FD5BD-B5A6-4EE9-82C5-9FB2BE2FEC04}.Release|Any CPU.ActiveCfg = Release|Any CPU
		{FD5FD5BD-B5A6-4EE9-82C5-9FB2BE2FEC04}.Release|Any CPU.Build.0 = Release|Any CPU
		{F7C29B18-7EC3-41EE-8E50-E03164411AFE}.Debug|Any CPU.ActiveCfg = Debug|Any CPU
		{F7C29B18-7EC3-41EE-8E50-E03164411AFE}.Debug|Any CPU.Build.0 = Debug|Any CPU
		{F7C29B18-7EC3-41EE-8E50-E03164411AFE}.Release|Any CPU.ActiveCfg = Release|Any CPU
		{F7C29B18-7EC3-41EE-8E50-E03164411AFE}.Release|Any CPU.Build.0 = Release|Any CPU
		{ED4BA13F-010F-415C-820C-FD5ABF23577F}.Debug|Any CPU.ActiveCfg = Debug|Any CPU
		{ED4BA13F-010F-415C-820C-FD5ABF23577F}.Debug|Any CPU.Build.0 = Debug|Any CPU
		{ED4BA13F-010F-415C-820C-FD5ABF23577F}.Release|Any CPU.ActiveCfg = Release|Any CPU
		{ED4BA13F-010F-415C-820C-FD5ABF23577F}.Release|Any CPU.Build.0 = Release|Any CPU
		{27EE4747-086B-4B11-9831-88F19C3BDD40}.Debug|Any CPU.ActiveCfg = Debug|Any CPU
		{27EE4747-086B-4B11-9831-88F19C3BDD40}.Debug|Any CPU.Build.0 = Debug|Any CPU
		{27EE4747-086B-4B11-9831-88F19C3BDD40}.Release|Any CPU.ActiveCfg = Release|Any CPU
		{27EE4747-086B-4B11-9831-88F19C3BDD40}.Release|Any CPU.Build.0 = Release|Any CPU
		{5E866F5F-3C61-4D12-8877-A5DFA617A852}.Debug|Any CPU.ActiveCfg = Debug|Any CPU
		{5E866F5F-3C61-4D12-8877-A5DFA617A852}.Debug|Any CPU.Build.0 = Debug|Any CPU
		{5E866F5F-3C61-4D12-8877-A5DFA617A852}.Release|Any CPU.ActiveCfg = Release|Any CPU
		{5E866F5F-3C61-4D12-8877-A5DFA617A852}.Release|Any CPU.Build.0 = Release|Any CPU
		{A30D68E0-AD4E-4C98-9817-A5201189196A}.Debug|Any CPU.ActiveCfg = Debug|Any CPU
		{A30D68E0-AD4E-4C98-9817-A5201189196A}.Debug|Any CPU.Build.0 = Debug|Any CPU
		{A30D68E0-AD4E-4C98-9817-A5201189196A}.Release|Any CPU.ActiveCfg = Release|Any CPU
		{A30D68E0-AD4E-4C98-9817-A5201189196A}.Release|Any CPU.Build.0 = Release|Any CPU
		{3515F17C-5BC9-4240-8A43-BC893DA061EF}.Debug|Any CPU.ActiveCfg = Debug|Any CPU
		{3515F17C-5BC9-4240-8A43-BC893DA061EF}.Debug|Any CPU.Build.0 = Debug|Any CPU
		{3515F17C-5BC9-4240-8A43-BC893DA061EF}.Release|Any CPU.ActiveCfg = Release|Any CPU
		{3515F17C-5BC9-4240-8A43-BC893DA061EF}.Release|Any CPU.Build.0 = Release|Any CPU
		{08DFC621-CF47-4E58-9B24-B20558819DCB}.Debug|Any CPU.ActiveCfg = Debug|Any CPU
		{08DFC621-CF47-4E58-9B24-B20558819DCB}.Debug|Any CPU.Build.0 = Debug|Any CPU
		{08DFC621-CF47-4E58-9B24-B20558819DCB}.Release|Any CPU.ActiveCfg = Release|Any CPU
		{08DFC621-CF47-4E58-9B24-B20558819DCB}.Release|Any CPU.Build.0 = Release|Any CPU
		{3427FB34-1E01-41AE-8179-865CD169468D}.Debug|Any CPU.ActiveCfg = Debug|Any CPU
		{3427FB34-1E01-41AE-8179-865CD169468D}.Debug|Any CPU.Build.0 = Debug|Any CPU
		{3427FB34-1E01-41AE-8179-865CD169468D}.Release|Any CPU.ActiveCfg = Release|Any CPU
		{3427FB34-1E01-41AE-8179-865CD169468D}.Release|Any CPU.Build.0 = Release|Any CPU
		{E89F64E6-2493-412B-955B-2C1B8E1379B8}.Debug|Any CPU.ActiveCfg = Debug|Any CPU
		{E89F64E6-2493-412B-955B-2C1B8E1379B8}.Debug|Any CPU.Build.0 = Debug|Any CPU
		{E89F64E6-2493-412B-955B-2C1B8E1379B8}.Release|Any CPU.ActiveCfg = Release|Any CPU
		{E89F64E6-2493-412B-955B-2C1B8E1379B8}.Release|Any CPU.Build.0 = Release|Any CPU
		{24A6BDFE-F304-44B5-A11D-586E71D2E86D}.Debug|Any CPU.ActiveCfg = Debug|Any CPU
		{24A6BDFE-F304-44B5-A11D-586E71D2E86D}.Debug|Any CPU.Build.0 = Debug|Any CPU
		{24A6BDFE-F304-44B5-A11D-586E71D2E86D}.Release|Any CPU.ActiveCfg = Release|Any CPU
		{24A6BDFE-F304-44B5-A11D-586E71D2E86D}.Release|Any CPU.Build.0 = Release|Any CPU
		{271923D5-F200-4DD5-93D8-6A52CED854E7}.Debug|Any CPU.ActiveCfg = Debug|Any CPU
		{271923D5-F200-4DD5-93D8-6A52CED854E7}.Debug|Any CPU.Build.0 = Debug|Any CPU
		{271923D5-F200-4DD5-93D8-6A52CED854E7}.Release|Any CPU.ActiveCfg = Release|Any CPU
		{271923D5-F200-4DD5-93D8-6A52CED854E7}.Release|Any CPU.Build.0 = Release|Any CPU
		{EA9B70E7-0DDC-440C-8A6B-A7925E263F42}.Debug|Any CPU.ActiveCfg = Debug|Any CPU
		{EA9B70E7-0DDC-440C-8A6B-A7925E263F42}.Debug|Any CPU.Build.0 = Debug|Any CPU
		{EA9B70E7-0DDC-440C-8A6B-A7925E263F42}.Release|Any CPU.ActiveCfg = Release|Any CPU
		{EA9B70E7-0DDC-440C-8A6B-A7925E263F42}.Release|Any CPU.Build.0 = Release|Any CPU
		{ECED826A-C4DD-4B62-A067-B42E926CB07D}.Debug|Any CPU.ActiveCfg = Debug|Any CPU
		{ECED826A-C4DD-4B62-A067-B42E926CB07D}.Debug|Any CPU.Build.0 = Debug|Any CPU
		{ECED826A-C4DD-4B62-A067-B42E926CB07D}.Release|Any CPU.ActiveCfg = Release|Any CPU
		{ECED826A-C4DD-4B62-A067-B42E926CB07D}.Release|Any CPU.Build.0 = Release|Any CPU
		{CA87EDB6-0B15-4EB9-B305-7EEA6DA501F1}.Debug|Any CPU.ActiveCfg = Debug|Any CPU
		{CA87EDB6-0B15-4EB9-B305-7EEA6DA501F1}.Debug|Any CPU.Build.0 = Debug|Any CPU
		{CA87EDB6-0B15-4EB9-B305-7EEA6DA501F1}.Release|Any CPU.ActiveCfg = Release|Any CPU
		{CA87EDB6-0B15-4EB9-B305-7EEA6DA501F1}.Release|Any CPU.Build.0 = Release|Any CPU
		{40386A8C-2244-4C70-8D34-D804A1C8C6A1}.Debug|Any CPU.ActiveCfg = Debug|Any CPU
		{40386A8C-2244-4C70-8D34-D804A1C8C6A1}.Debug|Any CPU.Build.0 = Debug|Any CPU
		{40386A8C-2244-4C70-8D34-D804A1C8C6A1}.Release|Any CPU.ActiveCfg = Release|Any CPU
		{40386A8C-2244-4C70-8D34-D804A1C8C6A1}.Release|Any CPU.Build.0 = Release|Any CPU
		{147E2560-823D-4F38-9293-A296C9D9E5B3}.Debug|Any CPU.ActiveCfg = Debug|Any CPU
		{147E2560-823D-4F38-9293-A296C9D9E5B3}.Debug|Any CPU.Build.0 = Debug|Any CPU
		{147E2560-823D-4F38-9293-A296C9D9E5B3}.Release|Any CPU.ActiveCfg = Release|Any CPU
		{147E2560-823D-4F38-9293-A296C9D9E5B3}.Release|Any CPU.Build.0 = Release|Any CPU
		{752B9CCD-53A5-443E-9695-D8BE0AD0A538}.Debug|Any CPU.ActiveCfg = Debug|Any CPU
		{752B9CCD-53A5-443E-9695-D8BE0AD0A538}.Debug|Any CPU.Build.0 = Debug|Any CPU
		{752B9CCD-53A5-443E-9695-D8BE0AD0A538}.Release|Any CPU.ActiveCfg = Release|Any CPU
		{752B9CCD-53A5-443E-9695-D8BE0AD0A538}.Release|Any CPU.Build.0 = Release|Any CPU
	EndGlobalSection
	GlobalSection(SolutionProperties) = preSolution
		HideSolutionNode = FALSE
	EndGlobalSection
	GlobalSection(NestedProjects) = preSolution
		{5F5BB9CE-704C-4BDA-8061-C38FECCFBAB6} = {685A90A6-1350-46FD-B321-71CD1659DB63}
		{BD9B2A77-D01C-4916-B10F-1287DCB10BED} = {B6301D77-49A1-48DE-9810-BEF422B67C4D}
		{FD5FD5BD-B5A6-4EE9-82C5-9FB2BE2FEC04} = {B6301D77-49A1-48DE-9810-BEF422B67C4D}
		{F7C29B18-7EC3-41EE-8E50-E03164411AFE} = {685A90A6-1350-46FD-B321-71CD1659DB63}
		{ED4BA13F-010F-415C-820C-FD5ABF23577F} = {685A90A6-1350-46FD-B321-71CD1659DB63}
		{27EE4747-086B-4B11-9831-88F19C3BDD40} = {685A90A6-1350-46FD-B321-71CD1659DB63}
		{5E866F5F-3C61-4D12-8877-A5DFA617A852} = {B6301D77-49A1-48DE-9810-BEF422B67C4D}
		{A30D68E0-AD4E-4C98-9817-A5201189196A} = {B6301D77-49A1-48DE-9810-BEF422B67C4D}
		{3515F17C-5BC9-4240-8A43-BC893DA061EF} = {B6301D77-49A1-48DE-9810-BEF422B67C4D}
		{08DFC621-CF47-4E58-9B24-B20558819DCB} = {B6301D77-49A1-48DE-9810-BEF422B67C4D}
		{3427FB34-1E01-41AE-8179-865CD169468D} = {B6301D77-49A1-48DE-9810-BEF422B67C4D}
		{E89F64E6-2493-412B-955B-2C1B8E1379B8} = {71862A8F-6048-4143-89AE-E75A23789769}
		{24A6BDFE-F304-44B5-A11D-586E71D2E86D} = {B6301D77-49A1-48DE-9810-BEF422B67C4D}
		{271923D5-F200-4DD5-93D8-6A52CED854E7} = {B6301D77-49A1-48DE-9810-BEF422B67C4D}
		{EA9B70E7-0DDC-440C-8A6B-A7925E263F42} = {B6301D77-49A1-48DE-9810-BEF422B67C4D}
		{ECED826A-C4DD-4B62-A067-B42E926CB07D} = {B6301D77-49A1-48DE-9810-BEF422B67C4D}
		{CA87EDB6-0B15-4EB9-B305-7EEA6DA501F1} = {B6301D77-49A1-48DE-9810-BEF422B67C4D}
		{40386A8C-2244-4C70-8D34-D804A1C8C6A1} = {B6301D77-49A1-48DE-9810-BEF422B67C4D}
		{147E2560-823D-4F38-9293-A296C9D9E5B3} = {66C5B366-2FD1-49F1-897F-D419B0813E59}
		{752B9CCD-53A5-443E-9695-D8BE0AD0A538} = {B6301D77-49A1-48DE-9810-BEF422B67C4D}
	EndGlobalSection
	GlobalSection(ExtensibilityGlobals) = postSolution
		SolutionGuid = {B1DD5561-4E76-4508-90D3-92E49A21E098}
	EndGlobalSection
EndGlobal
